// !$*UTF8*$!
{
	archiveVersion = 1;
	classes = {
	};
	objectVersion = 54;
	objects = {

/* Begin PBXBuildFile section */
		7F0A00000000000000000601 /* BillsNowApp.swift in Sources */ = {isa = PBXBuildFile; fileRef = 7F0A00000000000000000501 /* BillsNowApp.swift */; };
		7F0A00000000000000000602 /* RootView.swift in Sources */ = {isa = PBXBuildFile; fileRef = 7F0A00000000000000000502 /* RootView.swift */; };
		7F0A00000000000000000603 /* GameView.swift in Sources */ = {isa = PBXBuildFile; fileRef = 7F0A00000000000000000503 /* GameView.swift */; };
		7F0A00000000000000000604 /* ScoreboardHeaderView.swift in Sources */ = {isa = PBXBuildFile; fileRef = 7F0A00000000000000000504 /* ScoreboardHeaderView.swift */; };
		7F0A00000000000000000605 /* GameDetailViews.swift in Sources */ = {isa = PBXBuildFile; fileRef = 7F0A00000000000000000505 /* GameDetailViews.swift */; };
		7F0A00000000000000000606 /* StatsAndRosterViews.swift in Sources */ = {isa = PBXBuildFile; fileRef = 7F0A00000000000000000506 /* StatsAndRosterViews.swift */; };
		7F0A00000000000000000607 /* NewsView.swift in Sources */ = {isa = PBXBuildFile; fileRef = 7F0A00000000000000000507 /* NewsView.swift */; };
		7F0A00000000000000000608 /* GameViewModel.swift in Sources */ = {isa = PBXBuildFile; fileRef = 7F0A00000000000000000508 /* GameViewModel.swift */; };
		7F0A00000000000000000609 /* NewsViewModel.swift in Sources */ = {isa = PBXBuildFile; fileRef = 7F0A00000000000000000509 /* NewsViewModel.swift */; };
		7F0A0000000000000000060A /* BillsModels.swift in Sources */ = {isa = PBXBuildFile; fileRef = 7F0A00000000000000000512 /* BillsModels.swift */; };
		7F0A0000000000000000060B /* BillsGame.swift in Sources */ = {isa = PBXBuildFile; fileRef = 7F0A00000000000000000513 /* BillsGame.swift */; };
		7F0A0000000000000000060C /* ESPNClient.swift in Sources */ = {isa = PBXBuildFile; fileRef = 7F0A00000000000000000514 /* ESPNClient.swift */; };
		7F0A0000000000000000060D /* BillsBrand.swift in Sources */ = {isa = PBXBuildFile; fileRef = 7F0A00000000000000000515 /* BillsBrand.swift */; };
		7F0A0000000000000000060E /* SharedCache.swift in Sources */ = {isa = PBXBuildFile; fileRef = 7F0A00000000000000000516 /* SharedCache.swift */; };
		7F0A0000000000000000060F /* RSSParser.swift in Sources */ = {isa = PBXBuildFile; fileRef = 7F0A00000000000000000517 /* RSSParser.swift */; };
		7F0A00000000000000000610 /* SampleGame.swift in Sources */ = {isa = PBXBuildFile; fileRef = 7F0A00000000000000000518 /* SampleGame.swift */; };
		7F0A00000000000000000611 /* Assets.xcassets in Resources */ = {isa = PBXBuildFile; fileRef = 7F0A0000000000000000050A /* Assets.xcassets */; };
		7F0A00000000000000000612 /* BillsWidget.appex in Embed Foundation Extensions */ = {isa = PBXBuildFile; fileRef = 7F0A00000000000000000402 /* BillsWidget.appex */; settings = {ATTRIBUTES = (RemoveHeadersOnCopy, ); }; };
		7F0A00000000000000000701 /* BillsWidget.swift in Sources */ = {isa = PBXBuildFile; fileRef = 7F0A0000000000000000050D /* BillsWidget.swift */; };
		7F0A00000000000000000702 /* ScoreTimelineProvider.swift in Sources */ = {isa = PBXBuildFile; fileRef = 7F0A0000000000000000050E /* ScoreTimelineProvider.swift */; };
		7F0A00000000000000000703 /* WidgetViews.swift in Sources */ = {isa = PBXBuildFile; fileRef = 7F0A0000000000000000050F /* WidgetViews.swift */; };
		7F0A00000000000000000704 /* BillsModels.swift in Sources */ = {isa = PBXBuildFile; fileRef = 7F0A00000000000000000512 /* BillsModels.swift */; };
		7F0A00000000000000000705 /* BillsGame.swift in Sources */ = {isa = PBXBuildFile; fileRef = 7F0A00000000000000000513 /* BillsGame.swift */; };
		7F0A00000000000000000706 /* ESPNClient.swift in Sources */ = {isa = PBXBuildFile; fileRef = 7F0A00000000000000000514 /* ESPNClient.swift */; };
		7F0A00000000000000000707 /* BillsBrand.swift in Sources */ = {isa = PBXBuildFile; fileRef = 7F0A00000000000000000515 /* BillsBrand.swift */; };
		7F0A00000000000000000708 /* SharedCache.swift in Sources */ = {isa = PBXBuildFile; fileRef = 7F0A00000000000000000516 /* SharedCache.swift */; };
		7F0A00000000000000000709 /* SampleGame.swift in Sources */ = {isa = PBXBuildFile; fileRef = 7F0A00000000000000000518 /* SampleGame.swift */; };
/* End PBXBuildFile section */

/* Begin PBXContainerItemProxy section */
		7F0A0000000000000000E101 /* PBXContainerItemProxy */ = {
			isa = PBXContainerItemProxy;
			containerPortal = 7F0A0000000000000000E001 /* Project object */;
			proxyType = 1;
			remoteGlobalIDString = 7F0A0000000000000000C201;
			remoteInfo = BillsWidget;
		};
/* End PBXContainerItemProxy section */

/* Begin PBXCopyFilesBuildPhase section */
		7F0A0000000000000000B104 /* Embed Foundation Extensions */ = {
			isa = PBXCopyFilesBuildPhase;
			buildActionMask = 2147483647;
			dstPath = "";
			dstSubfolderSpec = 13;
			files = (
				7F0A00000000000000000612 /* BillsWidget.appex in Embed Foundation Extensions */,
			);
			name = "Embed Foundation Extensions";
			runOnlyForDeploymentPostprocessing = 0;
		};
/* End PBXCopyFilesBuildPhase section */

/* Begin PBXFileReference section */
		7F0A00000000000000000401 /* BillsNow.app */ = {isa = PBXFileReference; explicitFileType = wrapper.application; includeInIndex = 0; path = BillsNow.app; sourceTree = BUILT_PRODUCTS_DIR; };
		7F0A00000000000000000402 /* BillsWidget.appex */ = {isa = PBXFileReference; explicitFileType = "wrapper.app-extension"; includeInIndex = 0; path = BillsWidget.appex; sourceTree = BUILT_PRODUCTS_DIR; };
		7F0A00000000000000000501 /* BillsNowApp.swift */ = {isa = PBXFileReference; lastKnownFileType = sourcecode.swift; path = BillsNowApp.swift; sourceTree = "<group>"; };
		7F0A00000000000000000502 /* RootView.swift */ = {isa = PBXFileReference; lastKnownFileType = sourcecode.swift; path = RootView.swift; sourceTree = "<group>"; };
		7F0A00000000000000000503 /* GameView.swift */ = {isa = PBXFileReference; lastKnownFileType = sourcecode.swift; path = GameView.swift; sourceTree = "<group>"; };
		7F0A00000000000000000504 /* ScoreboardHeaderView.swift */ = {isa = PBXFileReference; lastKnownFileType = sourcecode.swift; path = ScoreboardHeaderView.swift; sourceTree = "<group>"; };
		7F0A00000000000000000505 /* GameDetailViews.swift */ = {isa = PBXFileReference; lastKnownFileType = sourcecode.swift; path = GameDetailViews.swift; sourceTree = "<group>"; };
		7F0A00000000000000000506 /* StatsAndRosterViews.swift */ = {isa = PBXFileReference; lastKnownFileType = sourcecode.swift; path = StatsAndRosterViews.swift; sourceTree = "<group>"; };
		7F0A00000000000000000507 /* NewsView.swift */ = {isa = PBXFileReference; lastKnownFileType = sourcecode.swift; path = NewsView.swift; sourceTree = "<group>"; };
		7F0A00000000000000000508 /* GameViewModel.swift */ = {isa = PBXFileReference; lastKnownFileType = sourcecode.swift; path = GameViewModel.swift; sourceTree = "<group>"; };
		7F0A00000000000000000509 /* NewsViewModel.swift */ = {isa = PBXFileReference; lastKnownFileType = sourcecode.swift; path = NewsViewModel.swift; sourceTree = "<group>"; };
		7F0A0000000000000000050A /* Assets.xcassets */ = {isa = PBXFileReference; lastKnownFileType = folder.assetcatalog; path = Assets.xcassets; sourceTree = "<group>"; };
		7F0A0000000000000000050B /* Info.plist */ = {isa = PBXFileReference; lastKnownFileType = text.plist.xml; path = Info.plist; sourceTree = "<group>"; };
		7F0A0000000000000000050C /* BillsNow.entitlements */ = {isa = PBXFileReference; lastKnownFileType = text.plist.entitlements; path = BillsNow.entitlements; sourceTree = "<group>"; };
		7F0A0000000000000000050D /* BillsWidget.swift */ = {isa = PBXFileReference; lastKnownFileType = sourcecode.swift; path = BillsWidget.swift; sourceTree = "<group>"; };
		7F0A0000000000000000050E /* ScoreTimelineProvider.swift */ = {isa = PBXFileReference; lastKnownFileType = sourcecode.swift; path = ScoreTimelineProvider.swift; sourceTree = "<group>"; };
		7F0A0000000000000000050F /* WidgetViews.swift */ = {isa = PBXFileReference; lastKnownFileType = sourcecode.swift; path = WidgetViews.swift; sourceTree = "<group>"; };
		7F0A00000000000000000510 /* Info.plist */ = {isa = PBXFileReference; lastKnownFileType = text.plist.xml; path = Info.plist; sourceTree = "<group>"; };
		7F0A00000000000000000511 /* BillsWidget.entitlements */ = {isa = PBXFileReference; lastKnownFileType = text.plist.entitlements; path = BillsWidget.entitlements; sourceTree = "<group>"; };
		7F0A00000000000000000512 /* BillsModels.swift */ = {isa = PBXFileReference; lastKnownFileType = sourcecode.swift; path = BillsModels.swift; sourceTree = "<group>"; };
		7F0A00000000000000000513 /* BillsGame.swift */ = {isa = PBXFileReference; lastKnownFileType = sourcecode.swift; path = BillsGame.swift; sourceTree = "<group>"; };
		7F0A00000000000000000514 /* ESPNClient.swift */ = {isa = PBXFileReference; lastKnownFileType = sourcecode.swift; path = ESPNClient.swift; sourceTree = "<group>"; };
		7F0A00000000000000000515 /* BillsBrand.swift */ = {isa = PBXFileReference; lastKnownFileType = sourcecode.swift; path = BillsBrand.swift; sourceTree = "<group>"; };
		7F0A00000000000000000516 /* SharedCache.swift */ = {isa = PBXFileReference; lastKnownFileType = sourcecode.swift; path = SharedCache.swift; sourceTree = "<group>"; };
		7F0A00000000000000000517 /* RSSParser.swift */ = {isa = PBXFileReference; lastKnownFileType = sourcecode.swift; path = RSSParser.swift; sourceTree = "<group>"; };
		7F0A00000000000000000518 /* SampleGame.swift */ = {isa = PBXFileReference; lastKnownFileType = sourcecode.swift; path = SampleGame.swift; sourceTree = "<group>"; };
/* End PBXFileReference section */

/* Begin PBXFrameworksBuildPhase section */
		7F0A0000000000000000B103 /* Frameworks */ = {
			isa = PBXFrameworksBuildPhase;
			buildActionMask = 2147483647;
			files = (
			);
			runOnlyForDeploymentPostprocessing = 0;
		};
		7F0A0000000000000000D102 /* Frameworks */ = {
			isa = PBXFrameworksBuildPhase;
			buildActionMask = 2147483647;
			files = (
			);
			runOnlyForDeploymentPostprocessing = 0;
		};
/* End PBXFrameworksBuildPhase section */

/* Begin PBXGroup section */
		7F0A0000000000000000A101 = {
			isa = PBXGroup;
			children = (
				7F0A0000000000000000A102 /* BillsNow */,
				7F0A0000000000000000A103 /* BillsWidget */,
				7F0A0000000000000000A104 /* Shared */,
				7F0A0000000000000000A107 /* Products */,
			);
			sourceTree = "<group>";
		};
		7F0A0000000000000000A102 /* BillsNow */ = {
			isa = PBXGroup;
			children = (
				7F0A0000000000000000A105 /* Views */,
				7F0A0000000000000000A106 /* ViewModels */,
				7F0A00000000000000000501 /* BillsNowApp.swift */,
				7F0A0000000000000000050A /* Assets.xcassets */,
				7F0A0000000000000000050B /* Info.plist */,
				7F0A0000000000000000050C /* BillsNow.entitlements */,
			);
			path = BillsNow;
			sourceTree = "<group>";
		};
		7F0A0000000000000000A103 /* BillsWidget */ = {
			isa = PBXGroup;
			children = (
				7F0A0000000000000000050D /* BillsWidget.swift */,
				7F0A0000000000000000050E /* ScoreTimelineProvider.swift */,
				7F0A0000000000000000050F /* WidgetViews.swift */,
				7F0A00000000000000000510 /* Info.plist */,
				7F0A00000000000000000511 /* BillsWidget.entitlements */,
			);
			path = BillsWidget;
			sourceTree = "<group>";
		};
		7F0A0000000000000000A104 /* Shared */ = {
			isa = PBXGroup;
			children = (
				7F0A00000000000000000512 /* BillsModels.swift */,
				7F0A00000000000000000513 /* BillsGame.swift */,
				7F0A00000000000000000514 /* ESPNClient.swift */,
				7F0A00000000000000000515 /* BillsBrand.swift */,
				7F0A00000000000000000516 /* SharedCache.swift */,
				7F0A00000000000000000517 /* RSSParser.swift */,
				7F0A00000000000000000518 /* SampleGame.swift */,
			);
			path = Shared;
			sourceTree = "<group>";
		};
		7F0A0000000000000000A105 /* Views */ = {
			isa = PBXGroup;
			children = (
				7F0A00000000000000000502 /* RootView.swift */,
				7F0A00000000000000000503 /* GameView.swift */,
				7F0A00000000000000000504 /* ScoreboardHeaderView.swift */,
				7F0A00000000000000000505 /* GameDetailViews.swift */,
				7F0A00000000000000000506 /* StatsAndRosterViews.swift */,
				7F0A00000000000000000507 /* NewsView.swift */,
			);
			path = Views;
			sourceTree = "<group>";
		};
		7F0A0000000000000000A106 /* ViewModels */ = {
			isa = PBXGroup;
			children = (
				7F0A00000000000000000508 /* GameViewModel.swift */,
				7F0A00000000000000000509 /* NewsViewModel.swift */,
			);
			path = ViewModels;
			sourceTree = "<group>";
		};
		7F0A0000000000000000A107 /* Products */ = {
			isa = PBXGroup;
			children = (
				7F0A00000000000000000401 /* BillsNow.app */,
				7F0A00000000000000000402 /* BillsWidget.appex */,
			);
			name = Products;
			sourceTree = "<group>";
		};
/* End PBXGroup section */

/* Begin PBXNativeTarget section */
		7F0A0000000000000000C101 /* BillsNow */ = {
			isa = PBXNativeTarget;
			buildConfigurationList = 7F0A0000000000000000F002 /* Build configuration list for PBXNativeTarget "BillsNow" */;
			buildPhases = (
				7F0A0000000000000000B101 /* Sources */,
				7F0A0000000000000000B103 /* Frameworks */,
				7F0A0000000000000000B102 /* Resources */,
				7F0A0000000000000000B104 /* Embed Foundation Extensions */,
			);
			buildRules = (
			);
			dependencies = (
				7F0A0000000000000000E201 /* PBXTargetDependency */,
			);
			name = BillsNow;
			productName = BillsNow;
			productReference = 7F0A00000000000000000401 /* BillsNow.app */;
			productType = "com.apple.product-type.application";
		};
		7F0A0000000000000000C201 /* BillsWidget */ = {
			isa = PBXNativeTarget;
			buildConfigurationList = 7F0A0000000000000000F003 /* Build configuration list for PBXNativeTarget "BillsWidget" */;
			buildPhases = (
				7F0A0000000000000000D101 /* Sources */,
				7F0A0000000000000000D102 /* Frameworks */,
				7F0A0000000000000000D103 /* Resources */,
			);
			buildRules = (
			);
			dependencies = (
			);
			name = BillsWidget;
			productName = BillsWidget;
			productReference = 7F0A00000000000000000402 /* BillsWidget.appex */;
			productType = "com.apple.product-type.app-extension";
		};
/* End PBXNativeTarget section */

/* Begin PBXProject section */
		7F0A0000000000000000E001 /* Project object */ = {
			isa = PBXProject;
			attributes = {
				BuildIndependentTargetsInParallel = 1;
				LastSwiftUpdateCheck = 1500;
				LastUpgradeCheck = 1500;
			};
			buildConfigurationList = 7F0A0000000000000000F001 /* Build configuration list for PBXProject "BillsNow" */;
			compatibilityVersion = "Xcode 13.0";
			developmentRegion = en;
			hasScannedForEncodings = 0;
			knownRegions = (
				en,
				Base,
			);
			mainGroup = 7F0A0000000000000000A101;
			productRefGroup = 7F0A0000000000000000A107 /* Products */;
			projectDirPath = "";
			projectRoot = "";
			targets = (
				7F0A0000000000000000C101 /* BillsNow */,
				7F0A0000000000000000C201 /* BillsWidget */,
			);
		};
/* End PBXProject section */

/* Begin PBXResourcesBuildPhase section */
		7F0A0000000000000000B102 /* Resources */ = {
			isa = PBXResourcesBuildPhase;
			buildActionMask = 2147483647;
			files = (
				7F0A00000000000000000611 /* Assets.xcassets in Resources */,
			);
			runOnlyForDeploymentPostprocessing = 0;
		};
		7F0A0000000000000000D103 /* Resources */ = {
			isa = PBXResourcesBuildPhase;
			buildActionMask = 2147483647;
			files = (
			);
			runOnlyForDeploymentPostprocessing = 0;
		};
/* End PBXResourcesBuildPhase section */

/* Begin PBXSourcesBuildPhase section */
		7F0A0000000000000000B101 /* Sources */ = {
			isa = PBXSourcesBuildPhase;
			buildActionMask = 2147483647;
			files = (
				7F0A00000000000000000601 /* BillsNowApp.swift in Sources */,
				7F0A00000000000000000602 /* RootView.swift in Sources */,
				7F0A00000000000000000603 /* GameView.swift in Sources */,
				7F0A00000000000000000604 /* ScoreboardHeaderView.swift in Sources */,
				7F0A00000000000000000605 /* GameDetailViews.swift in Sources */,
				7F0A00000000000000000606 /* StatsAndRosterViews.swift in Sources */,
				7F0A00000000000000000607 /* NewsView.swift in Sources */,
				7F0A00000000000000000608 /* GameViewModel.swift in Sources */,
				7F0A00000000000000000609 /* NewsViewModel.swift in Sources */,
				7F0A0000000000000000060A /* BillsModels.swift in Sources */,
				7F0A0000000000000000060B /* BillsGame.swift in Sources */,
				7F0A0000000000000000060C /* ESPNClient.swift in Sources */,
				7F0A0000000000000000060D /* BillsBrand.swift in Sources */,
				7F0A0000000000000000060E /* SharedCache.swift in Sources */,
				7F0A0000000000000000060F /* RSSParser.swift in Sources */,
				7F0A00000000000000000610 /* SampleGame.swift in Sources */,
			);
			runOnlyForDeploymentPostprocessing = 0;
		};
		7F0A0000000000000000D101 /* Sources */ = {
			isa = PBXSourcesBuildPhase;
			buildActionMask = 2147483647;
			files = (
				7F0A00000000000000000701 /* BillsWidget.swift in Sources */,
				7F0A00000000000000000702 /* ScoreTimelineProvider.swift in Sources */,
				7F0A00000000000000000703 /* WidgetViews.swift in Sources */,
				7F0A00000000000000000704 /* BillsModels.swift in Sources */,
				7F0A00000000000000000705 /* BillsGame.swift in Sources */,
				7F0A00000000000000000706 /* ESPNClient.swift in Sources */,
				7F0A00000000000000000707 /* BillsBrand.swift in Sources */,
				7F0A00000000000000000708 /* SharedCache.swift in Sources */,
				7F0A00000000000000000709 /* SampleGame.swift in Sources */,
			);
			runOnlyForDeploymentPostprocessing = 0;
		};
/* End PBXSourcesBuildPhase section */

/* Begin PBXTargetDependency section */
		7F0A0000000000000000E201 /* PBXTargetDependency */ = {
			isa = PBXTargetDependency;
			target = 7F0A0000000000000000C201 /* BillsWidget */;
			targetProxy = 7F0A0000000000000000E101 /* PBXContainerItemProxy */;
		};
/* End PBXTargetDependency section */

/* Begin XCBuildConfiguration section */
		7F0A0000000000000000F011 /* Debug */ = {
			isa = XCBuildConfiguration;
			buildSettings = {
				ALWAYS_SEARCH_USER_PATHS = NO;
				CLANG_ANALYZER_NONNULL = YES;
				CLANG_ANALYZER_NUMBER_OBJECT_CONVERSION = YES_AGGRESSIVE;
				CLANG_CXX_LANGUAGE_STANDARD = "gnu++17";
				CLANG_ENABLE_MODULES = YES;
				CLANG_ENABLE_OBJC_ARC = YES;
				CLANG_ENABLE_OBJC_WEAK = YES;
				CLANG_WARN_BLOCK_CAPTURE_AUTORELEASING = YES;
				CLANG_WARN_BOOL_CONVERSION = YES;
				CLANG_WARN_COMMA = YES;
				CLANG_WARN_CONSTANT_CONVERSION = YES;
				CLANG_WARN_DEPRECATED_OBJC_IMPLEMENTATIONS = YES;
				CLANG_WARN_DIRECT_OBJC_ISA_USAGE = YES_ERROR;
				CLANG_WARN_DOCUMENTATION_COMMENTS = YES;
				CLANG_WARN_EMPTY_BODY = YES;
				CLANG_WARN_ENUM_CONVERSION = YES;
				CLANG_WARN_INFINITE_RECURSION = YES;
				CLANG_WARN_INT_CONVERSION = YES;
				CLANG_WARN_NON_LITERAL_NULL_CONVERSION = YES;
				CLANG_WARN_OBJC_IMPLICIT_RETAIN_SELF = YES;
				CLANG_WARN_OBJC_LITERAL_CONVERSION = YES;
				CLANG_WARN_OBJC_ROOT_CLASS = YES_ERROR;
				CLANG_WARN_QUOTED_INCLUDE_IN_FRAMEWORK_HEADER = YES;
				CLANG_WARN_RANGE_LOOP_ANALYSIS = YES;
				CLANG_WARN_STRICT_PROTOTYPES = YES;
				CLANG_WARN_SUSPICIOUS_MOVE = YES;
				CLANG_WARN_UNGUARDED_AVAILABILITY = YES_AGGRESSIVE;
				CLANG_WARN_UNREACHABLE_CODE = YES;
				CLANG_WARN__DUPLICATE_METHOD_MATCH = YES;
				COPY_PHASE_STRIP = NO;
				DEBUG_INFORMATION_FORMAT = dwarf;
				ENABLE_STRICT_OBJC_MSGSEND = YES;
				ENABLE_TESTABILITY = YES;
				GCC_C_LANGUAGE_STANDARD = gnu11;
				GCC_DYNAMIC_NO_PIC = NO;
				GCC_NO_COMMON_BLOCKS = YES;
				GCC_OPTIMIZATION_LEVEL = 0;
				GCC_PREPROCESSOR_DEFINITIONS = (
					"DEBUG=1",
					"$(inherited)",
				);
				GCC_WARN_64_TO_32_BIT_CONVERSION = YES;
				GCC_WARN_ABOUT_RETURN_TYPE = YES_ERROR;
				GCC_WARN_UNDECLARED_SELECTOR = YES;
				GCC_WARN_UNINITIALIZED_AUTOS = YES_AGGRESSIVE;
				GCC_WARN_UNUSED_FUNCTION = YES;
				GCC_WARN_UNUSED_VARIABLE = YES;
				IPHONEOS_DEPLOYMENT_TARGET = 15.0;
				MTL_ENABLE_DEBUG_INFO = INCLUDE_SOURCE;
				MTL_FAST_MATH = YES;
				ONLY_ACTIVE_ARCH = YES;
				SDKROOT = iphoneos;
				SWIFT_ACTIVE_COMPILATION_CONDITIONS = DEBUG;
				SWIFT_OPTIMIZATION_LEVEL = "-Onone";
			};
			name = Debug;
		};
		7F0A0000000000000000F012 /* Release */ = {
			isa = XCBuildConfiguration;
			buildSettings = {
				ALWAYS_SEARCH_USER_PATHS = NO;
				CLANG_ANALYZER_NONNULL = YES;
				CLANG_ANALYZER_NUMBER_OBJECT_CONVERSION = YES_AGGRESSIVE;
				CLANG_CXX_LANGUAGE_STANDARD = "gnu++17";
				CLANG_ENABLE_MODULES = YES;
				CLANG_ENABLE_OBJC_ARC = YES;
				CLANG_ENABLE_OBJC_WEAK = YES;
				CLANG_WARN_BLOCK_CAPTURE_AUTORELEASING = YES;
				CLANG_WARN_BOOL_CONVERSION = YES;
				CLANG_WARN_COMMA = YES;
				CLANG_WARN_CONSTANT_CONVERSION = YES;
				CLANG_WARN_DEPRECATED_OBJC_IMPLEMENTATIONS = YES;
				CLANG_WARN_DIRECT_OBJC_ISA_USAGE = YES_ERROR;
				CLANG_WARN_DOCUMENTATION_COMMENTS = YES;
				CLANG_WARN_EMPTY_BODY = YES;
				CLANG_WARN_ENUM_CONVERSION = YES;
				CLANG_WARN_INFINITE_RECURSION = YES;
				CLANG_WARN_INT_CONVERSION = YES;
				CLANG_WARN_NON_LITERAL_NULL_CONVERSION = YES;
				CLANG_WARN_OBJC_IMPLICIT_RETAIN_SELF = YES;
				CLANG_WARN_OBJC_LITERAL_CONVERSION = YES;
				CLANG_WARN_OBJC_ROOT_CLASS = YES_ERROR;
				CLANG_WARN_QUOTED_INCLUDE_IN_FRAMEWORK_HEADER = YES;
				CLANG_WARN_RANGE_LOOP_ANALYSIS = YES;
				CLANG_WARN_STRICT_PROTOTYPES = YES;
				CLANG_WARN_SUSPICIOUS_MOVE = YES;
				CLANG_WARN_UNGUARDED_AVAILABILITY = YES_AGGRESSIVE;
				CLANG_WARN_UNREACHABLE_CODE = YES;
				CLANG_WARN__DUPLICATE_METHOD_MATCH = YES;
				COPY_PHASE_STRIP = NO;
				DEBUG_INFORMATION_FORMAT = "dwarf-with-dsym";
				ENABLE_NS_ASSERTIONS = NO;
				ENABLE_STRICT_OBJC_MSGSEND = YES;
				GCC_C_LANGUAGE_STANDARD = gnu11;
				GCC_NO_COMMON_BLOCKS = YES;
				GCC_WARN_64_TO_32_BIT_CONVERSION = YES;
				GCC_WARN_ABOUT_RETURN_TYPE = YES_ERROR;
				GCC_WARN_UNDECLARED_SELECTOR = YES;
				GCC_WARN_UNINITIALIZED_AUTOS = YES_AGGRESSIVE;
				GCC_WARN_UNUSED_FUNCTION = YES;
				GCC_WARN_UNUSED_VARIABLE = YES;
				IPHONEOS_DEPLOYMENT_TARGET = 15.0;
				MTL_ENABLE_DEBUG_INFO = NO;
				MTL_FAST_MATH = YES;
				SDKROOT = iphoneos;
				SWIFT_COMPILATION_MODE = wholemodule;
				SWIFT_OPTIMIZATION_LEVEL = "-O";
				VALIDATE_PRODUCT = YES;
			};
			name = Release;
		};
		7F0A0000000000000000F021 /* Debug */ = {
			isa = XCBuildConfiguration;
			buildSettings = {
				ASSETCATALOG_COMPILER_APPICON_NAME = AppIcon;
				ASSETCATALOG_COMPILER_GLOBAL_ACCENT_COLOR_NAME = AccentColor;
				CODE_SIGN_ENTITLEMENTS = BillsNow/BillsNow.entitlements;
				CODE_SIGN_STYLE = Automatic;
				CURRENT_PROJECT_VERSION = 1;
				GENERATE_INFOPLIST_FILE = NO;
				INFOPLIST_FILE = BillsNow/Info.plist;
				IPHONEOS_DEPLOYMENT_TARGET = 15.0;
				LD_RUNPATH_SEARCH_PATHS = (
					"$(inherited)",
					"@executable_path/Frameworks",
				);
				MARKETING_VERSION = 1.0;
				PRODUCT_BUNDLE_IDENTIFIER = com.billsnow.app;
				PRODUCT_NAME = "$(TARGET_NAME)";
				SWIFT_VERSION = 5.0;
				TARGETED_DEVICE_FAMILY = "1,2";
			};
			name = Debug;
		};
		7F0A0000000000000000F022 /* Release */ = {
			isa = XCBuildConfiguration;
			buildSettings = {
				ASSETCATALOG_COMPILER_APPICON_NAME = AppIcon;
				ASSETCATALOG_COMPILER_GLOBAL_ACCENT_COLOR_NAME = AccentColor;
				CODE_SIGN_ENTITLEMENTS = BillsNow/BillsNow.entitlements;
				CODE_SIGN_STYLE = Automatic;
				CURRENT_PROJECT_VERSION = 1;
				GENERATE_INFOPLIST_FILE = NO;
				INFOPLIST_FILE = BillsNow/Info.plist;
				IPHONEOS_DEPLOYMENT_TARGET = 15.0;
				LD_RUNPATH_SEARCH_PATHS = (
					"$(inherited)",
					"@executable_path/Frameworks",
				);
				MARKETING_VERSION = 1.0;
				PRODUCT_BUNDLE_IDENTIFIER = com.billsnow.app;
				PRODUCT_NAME = "$(TARGET_NAME)";
				SWIFT_VERSION = 5.0;
				TARGETED_DEVICE_FAMILY = "1,2";
			};
			name = Release;
		};
		7F0A0000000000000000F031 /* Debug */ = {
			isa = XCBuildConfiguration;
			buildSettings = {
				APPLICATION_EXTENSION_API_ONLY = YES;
				CODE_SIGN_ENTITLEMENTS = BillsWidget/BillsWidget.entitlements;
				CODE_SIGN_STYLE = Automatic;
				CURRENT_PROJECT_VERSION = 1;
				GENERATE_INFOPLIST_FILE = NO;
				INFOPLIST_FILE = BillsWidget/Info.plist;
				IPHONEOS_DEPLOYMENT_TARGET = 15.0;
				LD_RUNPATH_SEARCH_PATHS = (
					"$(inherited)",
					"@executable_path/Frameworks",
					"@executable_path/../../Frameworks",
				);
				MARKETING_VERSION = 1.0;
				PRODUCT_BUNDLE_IDENTIFIER = com.billsnow.app.widget;
				PRODUCT_NAME = "$(TARGET_NAME)";
				SKIP_INSTALL = YES;
				SWIFT_VERSION = 5.0;
				TARGETED_DEVICE_FAMILY = "1,2";
			};
			name = Debug;
		};
		7F0A0000000000000000F032 /* Release */ = {
			isa = XCBuildConfiguration;
			buildSettings = {
				APPLICATION_EXTENSION_API_ONLY = YES;
				CODE_SIGN_ENTITLEMENTS = BillsWidget/BillsWidget.entitlements;
				CODE_SIGN_STYLE = Automatic;
				CURRENT_PROJECT_VERSION = 1;
				GENERATE_INFOPLIST_FILE = NO;
				INFOPLIST_FILE = BillsWidget/Info.plist;
				IPHONEOS_DEPLOYMENT_TARGET = 15.0;
				LD_RUNPATH_SEARCH_PATHS = (
					"$(inherited)",
					"@executable_path/Frameworks",
					"@executable_path/../../Frameworks",
				);
				MARKETING_VERSION = 1.0;
				PRODUCT_BUNDLE_IDENTIFIER = com.billsnow.app.widget;
				PRODUCT_NAME = "$(TARGET_NAME)";
				SKIP_INSTALL = YES;
				SWIFT_VERSION = 5.0;
				TARGETED_DEVICE_FAMILY = "1,2";
			};
			name = Release;
		};
/* End XCBuildConfiguration section */

/* Begin XCConfigurationList section */
		7F0A0000000000000000F001 /* Build configuration list for PBXProject "BillsNow" */ = {
			isa = XCConfigurationList;
			buildConfigurations = (
				7F0A0000000000000000F011 /* Debug */,
				7F0A0000000000000000F012 /* Release */,
			);
			defaultConfigurationIsVisible = 0;
			defaultConfigurationName = Release;
		};
		7F0A0000000000000000F002 /* Build configuration list for PBXNativeTarget "BillsNow" */ = {
			isa = XCConfigurationList;
			buildConfigurations = (
				7F0A0000000000000000F021 /* Debug */,
				7F0A0000000000000000F022 /* Release */,
			);
			defaultConfigurationIsVisible = 0;
			defaultConfigurationName = Release;
		};
		7F0A0000000000000000F003 /* Build configuration list for PBXNativeTarget "BillsWidget" */ = {
			isa = XCConfigurationList;
			buildConfigurations = (
				7F0A0000000000000000F031 /* Debug */,
				7F0A0000000000000000F032 /* Release */,
			);
			defaultConfigurationIsVisible = 0;
			defaultConfigurationName = Release;
		};
/* End XCConfigurationList section */
	};
	rootObject = 7F0A0000000000000000E001 /* Project object */;
}
